Microsoft Visual Studio Solution File, Format Version 11.00
# Visual Studio 2008

Project("{BC3088CE-FFAD-0D0A-CE99-E740B96C0DF2}") = "CastleWar", "Assembly-CSharp.csproj", "{A59C7E3B-9B84-9DE2-4CD6-CAFA6FC44E1D}"
EndProject
Global
	GlobalSection(SolutionConfigurationPlatforms) = preSolution
		Debug|Any CPU = Debug|Any CPU
		Release|Any CPU = Release|Any CPU
	EndGlobalSection
	GlobalSection(ProjectConfigurationPlatforms) = postSolution
		{A59C7E3B-9B84-9DE2-4CD6-CAFA6FC44E1D}.Debug|Any CPU.ActiveCfg = Debug|Any CPU
		{A59C7E3B-9B84-9DE2-4CD6-CAFA6FC44E1D}.Debug|Any CPU.Build.0 = Debug|Any CPU
		{A59C7E3B-9B84-9DE2-4CD6-CAFA6FC44E1D}.Release|Any CPU.ActiveCfg = Release|Any CPU
		{A59C7E3B-9B84-9DE2-4CD6-CAFA6FC44E1D}.Release|Any CPU.Build.0 = Release|Any CPU
	EndGlobalSection
	GlobalSection(SolutionProperties) = preSolution
		HideSolutionNode = FALSE
	EndGlobalSection
	GlobalSection(MonoDevelopProperties) = preSolution
		StartupItem = Assembly-CSharp.csproj
	EndGlobalSection
EndGlobal
