
Microsoft Visual Studio Solution File, Format Version 12.00
# Visual Studio 2017
Project("{FAE04EC0-301F-11D3-BF4B-00C04F79EFBC}") = "ComWork1", "ComWork1.csproj", "{F42A5B1F-5BE8-89D0-C13A-1C4A42272A16}"
EndProject
Global
	GlobalSection(SolutionConfigurationPlatforms) = preSolution
		Debug|Any CPU = Debug|Any CPU
		Release|Any CPU = Release|Any CPU
	EndGlobalSection
	GlobalSection(ProjectConfigurationPlatforms) = postSolution
		{F42A5B1F-5BE8-89D0-C13A-1C4A42272A16}.Debug|Any CPU.ActiveCfg = Debug|Any CPU
		{F42A5B1F-5BE8-89D0-C13A-1C4A42272A16}.Debug|Any CPU.Build.0 = Debug|Any CPU
		{F42A5B1F-5BE8-89D0-C13A-1C4A42272A16}.Release|Any CPU.ActiveCfg = Release|Any CPU
		{F42A5B1F-5BE8-89D0-C13A-1C4A42272A16}.Release|Any CPU.Build.0 = Release|Any CPU
	EndGlobalSection
	GlobalSection(SolutionProperties) = preSolution
		HideSolutionNode = FALSE
	EndGlobalSection
EndGlobal
